// !$*UTF8*$!
{
	archiveVersion = 1;
	classes = {
	};
	objectVersion = 56;
	objects = {

/* Begin PBXBuildFile section */
		B003323D2A3FEAB300BD0AAB /* GameScene.swift in Sources */ = {isa = PBXBuildFile; fileRef = B003323C2A3FEAB300BD0AAB /* GameScene.swift */; };
		B003323F2A3FEAC100BD0AAB /* GameSceneCoordinator.swift in Sources */ = {isa = PBXBuildFile; fileRef = B003323E2A3FEAC100BD0AAB /* GameSceneCoordinator.swift */; };
		B00332422A3FEAE000BD0AAB /* GameVM.swift in Sources */ = {isa = PBXBuildFile; fileRef = B00332412A3FEAE000BD0AAB /* GameVM.swift */; };
		B00332462A3FEC0100BD0AAB /* GameVMExtension.swift in Sources */ = {isa = PBXBuildFile; fileRef = B00332452A3FEC0100BD0AAB /* GameVMExtension.swift */; };
		B003324A2A3FEEDD00BD0AAB /* ObstacleNode.swift in Sources */ = {isa = PBXBuildFile; fileRef = B00332492A3FEEDD00BD0AAB /* ObstacleNode.swift */; };
		B003324C2A3FF4D800BD0AAB /* PlayerNode.swift in Sources */ = {isa = PBXBuildFile; fileRef = B003324B2A3FF4D800BD0AAB /* PlayerNode.swift */; };
		B003324E2A3FF4F300BD0AAB /* StarNode.swift in Sources */ = {isa = PBXBuildFile; fileRef = B003324D2A3FF4F300BD0AAB /* StarNode.swift */; };
		B00332522A3FFBC900BD0AAB /* Thumbstick.swift in Sources */ = {isa = PBXBuildFile; fileRef = B00332512A3FFBC900BD0AAB /* Thumbstick.swift */; };
		B00332592A400EED00BD0AAB /* MoverService.swift in Sources */ = {isa = PBXBuildFile; fileRef = B00332582A400EED00BD0AAB /* MoverService.swift */; };
		B003325B2A40104300BD0AAB /* SceneLogicExtension.swift in Sources */ = {isa = PBXBuildFile; fileRef = B003325A2A40104300BD0AAB /* SceneLogicExtension.swift */; };
		B003325D2A402A8100BD0AAB /* ShootButton.swift in Sources */ = {isa = PBXBuildFile; fileRef = B003325C2A402A8100BD0AAB /* ShootButton.swift */; };
		B00332602A41385500BD0AAB /* MapGenerator.swift in Sources */ = {isa = PBXBuildFile; fileRef = B003325F2A41385500BD0AAB /* MapGenerator.swift */; };
		B00332632A414A8E00BD0AAB /* MapFactory.swift in Sources */ = {isa = PBXBuildFile; fileRef = B00332622A414A8E00BD0AAB /* MapFactory.swift */; };
		B00332652A415A5C00BD0AAB /* BoundryNode.swift in Sources */ = {isa = PBXBuildFile; fileRef = B00332642A415A5C00BD0AAB /* BoundryNode.swift */; };
		B00332672A41628600BD0AAB /* CGPointExtension.swift in Sources */ = {isa = PBXBuildFile; fileRef = B00332662A41628600BD0AAB /* CGPointExtension.swift */; };
		B00332692A416C7A00BD0AAB /* PointerNode.swift in Sources */ = {isa = PBXBuildFile; fileRef = B00332682A416C7A00BD0AAB /* PointerNode.swift */; };
		B003326B2A417DD000BD0AAB /* CameraExtension.swift in Sources */ = {isa = PBXBuildFile; fileRef = B003326A2A417DD000BD0AAB /* CameraExtension.swift */; };
		B003326F2A428CDD00BD0AAB /* HelthBar.swift in Sources */ = {isa = PBXBuildFile; fileRef = B003326E2A428CDC00BD0AAB /* HelthBar.swift */; };
		B00332712A42924B00BD0AAB /* CGSizeExtension.swift in Sources */ = {isa = PBXBuildFile; fileRef = B00332702A42924B00BD0AAB /* CGSizeExtension.swift */; };
		B00332732A42A0D400BD0AAB /* BulletIcon.swift in Sources */ = {isa = PBXBuildFile; fileRef = B00332722A42A0D400BD0AAB /* BulletIcon.swift */; };
		B00332752A42A0F800BD0AAB /* StarsIcon.swift in Sources */ = {isa = PBXBuildFile; fileRef = B00332742A42A0F800BD0AAB /* StarsIcon.swift */; };
		B00332772A42A73D00BD0AAB /* GameLogic.swift in Sources */ = {isa = PBXBuildFile; fileRef = B00332762A42A73D00BD0AAB /* GameLogic.swift */; };
		B00332792A42A75500BD0AAB /* ShootingService.swift in Sources */ = {isa = PBXBuildFile; fileRef = B00332782A42A75500BD0AAB /* ShootingService.swift */; };
		B003327B2A42A8C100BD0AAB /* BulletNode.swift in Sources */ = {isa = PBXBuildFile; fileRef = B003327A2A42A8C100BD0AAB /* BulletNode.swift */; };
		B003327D2A42BA5900BD0AAB /* SceneContactExtension.swift in Sources */ = {isa = PBXBuildFile; fileRef = B003327C2A42BA5900BD0AAB /* SceneContactExtension.swift */; };
		B003327F2A42BB2000BD0AAB /* PhysicCategory.swift in Sources */ = {isa = PBXBuildFile; fileRef = B003327E2A42BB2000BD0AAB /* PhysicCategory.swift */; };
		B00332812A42BFBA00BD0AAB /* LabirinthNode.swift in Sources */ = {isa = PBXBuildFile; fileRef = B00332802A42BFBA00BD0AAB /* LabirinthNode.swift */; };
		B003328E2A43F76B00BD0AAB /* GameState.swift in Sources */ = {isa = PBXBuildFile; fileRef = B003328D2A43F76B00BD0AAB /* GameState.swift */; };
		B00332912A43F85E00BD0AAB /* AlertItem.swift in Sources */ = {isa = PBXBuildFile; fileRef = B00332902A43F85E00BD0AAB /* AlertItem.swift */; };
		B00332942A43FD4900BD0AAB /* Fire.sks in Resources */ = {isa = PBXBuildFile; fileRef = B00332922A43FD4900BD0AAB /* Fire.sks */; };
		B00332952A43FD4900BD0AAB /* Assets.xcassets in Resources */ = {isa = PBXBuildFile; fileRef = B00332932A43FD4900BD0AAB /* Assets.xcassets */; };
		B003329A2A44040600BD0AAB /* AlertView.swift in Sources */ = {isa = PBXBuildFile; fileRef = B00332992A44040600BD0AAB /* AlertView.swift */; };
		B003329C2A44050D00BD0AAB /* ViewExtension.swift in Sources */ = {isa = PBXBuildFile; fileRef = B003329B2A44050D00BD0AAB /* ViewExtension.swift */; };
		B003329E2A440AAC00BD0AAB /* GameView.swift in Sources */ = {isa = PBXBuildFile; fileRef = B003329D2A440AAC00BD0AAB /* GameView.swift */; };
		B00332A12A440FD800BD0AAB /* LabirinthScene.swift in Sources */ = {isa = PBXBuildFile; fileRef = B00332A02A440FD800BD0AAB /* LabirinthScene.swift */; };
		B00332A32A44179C00BD0AAB /* ScenePauseService.swift in Sources */ = {isa = PBXBuildFile; fileRef = B00332A22A44179C00BD0AAB /* ScenePauseService.swift */; };
		B00332A52A441D2B00BD0AAB /* LabirinthSceneCoordinator.swift in Sources */ = {isa = PBXBuildFile; fileRef = B00332A42A441D2B00BD0AAB /* LabirinthSceneCoordinator.swift */; };
		B00332A72A44270E00BD0AAB /* MazeGenerator.swift in Sources */ = {isa = PBXBuildFile; fileRef = B00332A62A44270E00BD0AAB /* MazeGenerator.swift */; };
		B00332A92A44327300BD0AAB /* WallNode.swift in Sources */ = {isa = PBXBuildFile; fileRef = B00332A82A44327300BD0AAB /* WallNode.swift */; };
		B00332AB2A4432B500BD0AAB /* TrophyNode.swift in Sources */ = {isa = PBXBuildFile; fileRef = B00332AA2A4432B500BD0AAB /* TrophyNode.swift */; };
		B00332AD2A44412600BD0AAB /* LabirinthLogicEctension.swift in Sources */ = {isa = PBXBuildFile; fileRef = B00332AC2A44412600BD0AAB /* LabirinthLogicEctension.swift */; };
		B0E6D64C2A3FE7AC00531D49 /* FlyGameApp.swift in Sources */ = {isa = PBXBuildFile; fileRef = B0E6D64B2A3FE7AC00531D49 /* FlyGameApp.swift */; };
		B0E6D64E2A3FE7AC00531D49 /* MainScreen.swift in Sources */ = {isa = PBXBuildFile; fileRef = B0E6D64D2A3FE7AC00531D49 /* MainScreen.swift */; };
		B0E6D6502A3FE7AE00531D49 /* Assets.xcassets in Resources */ = {isa = PBXBuildFile; fileRef = B0E6D64F2A3FE7AE00531D49 /* Assets.xcassets */; };
		B0E6D6532A3FE7AE00531D49 /* Preview Assets.xcassets in Resources */ = {isa = PBXBuildFile; fileRef = B0E6D6522A3FE7AE00531D49 /* Preview Assets.xcassets */; };
/* End PBXBuildFile section */

/* Begin PBXFileReference section */
		B003323C2A3FEAB300BD0AAB /* GameScene.swift */ = {isa = PBXFileReference; lastKnownFileType = sourcecode.swift; path = GameScene.swift; sourceTree = "<group>"; };
		B003323E2A3FEAC100BD0AAB /* GameSceneCoordinator.swift */ = {isa = PBXFileReference; lastKnownFileType = sourcecode.swift; path = GameSceneCoordinator.swift; sourceTree = "<group>"; };
		B00332412A3FEAE000BD0AAB /* GameVM.swift */ = {isa = PBXFileReference; lastKnownFileType = sourcecode.swift; path = GameVM.swift; sourceTree = "<group>"; };
		B00332452A3FEC0100BD0AAB /* GameVMExtension.swift */ = {isa = PBXFileReference; lastKnownFileType = sourcecode.swift; path = GameVMExtension.swift; sourceTree = "<group>"; };
		B00332472A3FEDC600BD0AAB /* Info.plist */ = {isa = PBXFileReference; lastKnownFileType = text.plist; path = Info.plist; sourceTree = "<group>"; };
		B00332492A3FEEDD00BD0AAB /* ObstacleNode.swift */ = {isa = PBXFileReference; lastKnownFileType = sourcecode.swift; path = ObstacleNode.swift; sourceTree = "<group>"; };
		B003324B2A3FF4D800BD0AAB /* PlayerNode.swift */ = {isa = PBXFileReference; lastKnownFileType = sourcecode.swift; path = PlayerNode.swift; sourceTree = "<group>"; };
		B003324D2A3FF4F300BD0AAB /* StarNode.swift */ = {isa = PBXFileReference; lastKnownFileType = sourcecode.swift; path = StarNode.swift; sourceTree = "<group>"; };
		B00332512A3FFBC900BD0AAB /* Thumbstick.swift */ = {isa = PBXFileReference; lastKnownFileType = sourcecode.swift; path = Thumbstick.swift; sourceTree = "<group>"; };
		B00332582A400EED00BD0AAB /* MoverService.swift */ = {isa = PBXFileReference; lastKnownFileType = sourcecode.swift; path = MoverService.swift; sourceTree = "<group>"; };
		B003325A2A40104300BD0AAB /* SceneLogicExtension.swift */ = {isa = PBXFileReference; lastKnownFileType = sourcecode.swift; path = SceneLogicExtension.swift; sourceTree = "<group>"; };
		B003325C2A402A8100BD0AAB /* ShootButton.swift */ = {isa = PBXFileReference; lastKnownFileType = sourcecode.swift; path = ShootButton.swift; sourceTree = "<group>"; };
		B003325F2A41385500BD0AAB /* MapGenerator.swift */ = {isa = PBXFileReference; lastKnownFileType = sourcecode.swift; path = MapGenerator.swift; sourceTree = "<group>"; };
		B00332622A414A8E00BD0AAB /* MapFactory.swift */ = {isa = PBXFileReference; lastKnownFileType = sourcecode.swift; path = MapFactory.swift; sourceTree = "<group>"; };
		B00332642A415A5C00BD0AAB /* BoundryNode.swift */ = {isa = PBXFileReference; lastKnownFileType = sourcecode.swift; path = BoundryNode.swift; sourceTree = "<group>"; };
		B00332662A41628600BD0AAB /* CGPointExtension.swift */ = {isa = PBXFileReference; lastKnownFileType = sourcecode.swift; path = CGPointExtension.swift; sourceTree = "<group>"; };
		B00332682A416C7A00BD0AAB /* PointerNode.swift */ = {isa = PBXFileReference; lastKnownFileType = sourcecode.swift; path = PointerNode.swift; sourceTree = "<group>"; };
		B003326A2A417DD000BD0AAB /* CameraExtension.swift */ = {isa = PBXFileReference; lastKnownFileType = sourcecode.swift; path = CameraExtension.swift; sourceTree = "<group>"; };
		B003326E2A428CDC00BD0AAB /* HelthBar.swift */ = {isa = PBXFileReference; lastKnownFileType = sourcecode.swift; path = HelthBar.swift; sourceTree = "<group>"; };
		B00332702A42924B00BD0AAB /* CGSizeExtension.swift */ = {isa = PBXFileReference; lastKnownFileType = sourcecode.swift; path = CGSizeExtension.swift; sourceTree = "<group>"; };
		B00332722A42A0D400BD0AAB /* BulletIcon.swift */ = {isa = PBXFileReference; lastKnownFileType = sourcecode.swift; path = BulletIcon.swift; sourceTree = "<group>"; };
		B00332742A42A0F800BD0AAB /* StarsIcon.swift */ = {isa = PBXFileReference; lastKnownFileType = sourcecode.swift; path = StarsIcon.swift; sourceTree = "<group>"; };
		B00332762A42A73D00BD0AAB /* GameLogic.swift */ = {isa = PBXFileReference; lastKnownFileType = sourcecode.swift; path = GameLogic.swift; sourceTree = "<group>"; };
		B00332782A42A75500BD0AAB /* ShootingService.swift */ = {isa = PBXFileReference; lastKnownFileType = sourcecode.swift; path = ShootingService.swift; sourceTree = "<group>"; };
		B003327A2A42A8C100BD0AAB /* BulletNode.swift */ = {isa = PBXFileReference; lastKnownFileType = sourcecode.swift; path = BulletNode.swift; sourceTree = "<group>"; };
		B003327C2A42BA5900BD0AAB /* SceneContactExtension.swift */ = {isa = PBXFileReference; lastKnownFileType = sourcecode.swift; path = SceneContactExtension.swift; sourceTree = "<group>"; };
		B003327E2A42BB2000BD0AAB /* PhysicCategory.swift */ = {isa = PBXFileReference; lastKnownFileType = sourcecode.swift; path = PhysicCategory.swift; sourceTree = "<group>"; };
		B00332802A42BFBA00BD0AAB /* LabirinthNode.swift */ = {isa = PBXFileReference; lastKnownFileType = sourcecode.swift; path = LabirinthNode.swift; sourceTree = "<group>"; };
		B003328D2A43F76B00BD0AAB /* GameState.swift */ = {isa = PBXFileReference; lastKnownFileType = sourcecode.swift; path = GameState.swift; sourceTree = "<group>"; };
		B00332902A43F85E00BD0AAB /* AlertItem.swift */ = {isa = PBXFileReference; lastKnownFileType = sourcecode.swift; path = AlertItem.swift; sourceTree = "<group>"; };
		B00332922A43FD4900BD0AAB /* Fire.sks */ = {isa = PBXFileReference; lastKnownFileType = file.sks; path = Fire.sks; sourceTree = "<group>"; };
		B00332932A43FD4900BD0AAB /* Assets.xcassets */ = {isa = PBXFileReference; lastKnownFileType = folder.assetcatalog; path = Assets.xcassets; sourceTree = "<group>"; };
		B00332992A44040600BD0AAB /* AlertView.swift */ = {isa = PBXFileReference; lastKnownFileType = sourcecode.swift; path = AlertView.swift; sourceTree = "<group>"; };
		B003329B2A44050D00BD0AAB /* ViewExtension.swift */ = {isa = PBXFileReference; lastKnownFileType = sourcecode.swift; path = ViewExtension.swift; sourceTree = "<group>"; };
		B003329D2A440AAC00BD0AAB /* GameView.swift */ = {isa = PBXFileReference; lastKnownFileType = sourcecode.swift; path = GameView.swift; sourceTree = "<group>"; };
		B00332A02A440FD800BD0AAB /* LabirinthScene.swift */ = {isa = PBXFileReference; lastKnownFileType = sourcecode.swift; path = LabirinthScene.swift; sourceTree = "<group>"; };
		B00332A22A44179C00BD0AAB /* ScenePauseService.swift */ = {isa = PBXFileReference; lastKnownFileType = sourcecode.swift; path = ScenePauseService.swift; sourceTree = "<group>"; };
		B00332A42A441D2B00BD0AAB /* LabirinthSceneCoordinator.swift */ = {isa = PBXFileReference; lastKnownFileType = sourcecode.swift; path = LabirinthSceneCoordinator.swift; sourceTree = "<group>"; };
		B00332A62A44270E00BD0AAB /* MazeGenerator.swift */ = {isa = PBXFileReference; lastKnownFileType = sourcecode.swift; path = MazeGenerator.swift; sourceTree = "<group>"; };
		B00332A82A44327300BD0AAB /* WallNode.swift */ = {isa = PBXFileReference; lastKnownFileType = sourcecode.swift; path = WallNode.swift; sourceTree = "<group>"; };
		B00332AA2A4432B500BD0AAB /* TrophyNode.swift */ = {isa = PBXFileReference; lastKnownFileType = sourcecode.swift; path = TrophyNode.swift; sourceTree = "<group>"; };
		B00332AC2A44412600BD0AAB /* LabirinthLogicEctension.swift */ = {isa = PBXFileReference; lastKnownFileType = sourcecode.swift; path = LabirinthLogicEctension.swift; sourceTree = "<group>"; };
		B0E6D6482A3FE7AC00531D49 /* FlyGame.app */ = {isa = PBXFileReference; explicitFileType = wrapper.application; includeInIndex = 0; path = FlyGame.app; sourceTree = BUILT_PRODUCTS_DIR; };
		B0E6D64B2A3FE7AC00531D49 /* FlyGameApp.swift */ = {isa = PBXFileReference; lastKnownFileType = sourcecode.swift; path = FlyGameApp.swift; sourceTree = "<group>"; };
		B0E6D64D2A3FE7AC00531D49 /* MainScreen.swift */ = {isa = PBXFileReference; lastKnownFileType = sourcecode.swift; path = MainScreen.swift; sourceTree = "<group>"; };
		B0E6D64F2A3FE7AE00531D49 /* Assets.xcassets */ = {isa = PBXFileReference; lastKnownFileType = folder.assetcatalog; path = Assets.xcassets; sourceTree = "<group>"; };
		B0E6D6522A3FE7AE00531D49 /* Preview Assets.xcassets */ = {isa = PBXFileReference; lastKnownFileType = folder.assetcatalog; path = "Preview Assets.xcassets"; sourceTree = "<group>"; };
/* End PBXFileReference section */

/* Begin PBXFrameworksBuildPhase section */
		B0E6D6452A3FE7AC00531D49 /* Frameworks */ = {
			isa = PBXFrameworksBuildPhase;
			buildActionMask = 2147483647;
			files = (
			);
			runOnlyForDeploymentPostprocessing = 0;
		};
/* End PBXFrameworksBuildPhase section */

/* Begin PBXGroup section */
		B003323B2A3FEAA300BD0AAB /* Scene */ = {
			isa = PBXGroup;
			children = (
				B00332612A414A7800BD0AAB /* Factory */,
				B00332482A3FEE7F00BD0AAB /* Nodes */,
				B00332962A44016B00BD0AAB /* GameScene */,
				B003327E2A42BB2000BD0AAB /* PhysicCategory.swift */,
				B003329F2A440F9300BD0AAB /* LabirinthScene */,
			);
			path = Scene;
			sourceTree = "<group>";
		};
		B00332402A3FEACE00BD0AAB /* ViewModel */ = {
			isa = PBXGroup;
			children = (
				B00332412A3FEAE000BD0AAB /* GameVM.swift */,
				B00332452A3FEC0100BD0AAB /* GameVMExtension.swift */,
			);
			path = ViewModel;
			sourceTree = "<group>";
		};
		B00332432A3FEBB400BD0AAB /* Extra */ = {
			isa = PBXGroup;
			children = (
				B00332822A42D31100BD0AAB /* Particles */,
				B00332442A3FEBED00BD0AAB /* Extensions */,
			);
			path = Extra;
			sourceTree = "<group>";
		};
		B00332442A3FEBED00BD0AAB /* Extensions */ = {
			isa = PBXGroup;
			children = (
				B00332662A41628600BD0AAB /* CGPointExtension.swift */,
				B003326A2A417DD000BD0AAB /* CameraExtension.swift */,
				B00332702A42924B00BD0AAB /* CGSizeExtension.swift */,
				B003329B2A44050D00BD0AAB /* ViewExtension.swift */,
			);
			path = Extensions;
			sourceTree = "<group>";
		};
		B00332482A3FEE7F00BD0AAB /* Nodes */ = {
			isa = PBXGroup;
			children = (
				B00332492A3FEEDD00BD0AAB /* ObstacleNode.swift */,
				B003324B2A3FF4D800BD0AAB /* PlayerNode.swift */,
				B003324D2A3FF4F300BD0AAB /* StarNode.swift */,
				B00332642A415A5C00BD0AAB /* BoundryNode.swift */,
				B00332682A416C7A00BD0AAB /* PointerNode.swift */,
				B003327A2A42A8C100BD0AAB /* BulletNode.swift */,
				B00332802A42BFBA00BD0AAB /* LabirinthNode.swift */,
				B00332A82A44327300BD0AAB /* WallNode.swift */,
				B00332AA2A4432B500BD0AAB /* TrophyNode.swift */,
			);
			path = Nodes;
			sourceTree = "<group>";
		};
		B003324F2A3FFB7A00BD0AAB /* Services */ = {
			isa = PBXGroup;
			children = (
				B00332762A42A73D00BD0AAB /* GameLogic.swift */,
				B00332582A400EED00BD0AAB /* MoverService.swift */,
				B00332782A42A75500BD0AAB /* ShootingService.swift */,
				B00332A22A44179C00BD0AAB /* ScenePauseService.swift */,
			);
			path = Services;
			sourceTree = "<group>";
		};
		B00332502A3FFBA500BD0AAB /* Views */ = {
			isa = PBXGroup;
			children = (
				B00332512A3FFBC900BD0AAB /* Thumbstick.swift */,
				B003325C2A402A8100BD0AAB /* ShootButton.swift */,
				B003326E2A428CDC00BD0AAB /* HelthBar.swift */,
				B00332722A42A0D400BD0AAB /* BulletIcon.swift */,
				B00332742A42A0F800BD0AAB /* StarsIcon.swift */,
				B00332992A44040600BD0AAB /* AlertView.swift */,
				B003329D2A440AAC00BD0AAB /* GameView.swift */,
			);
			path = Views;
			sourceTree = "<group>";
		};
		B003325E2A41384400BD0AAB /* Models */ = {
			isa = PBXGroup;
			children = (
				B00332902A43F85E00BD0AAB /* AlertItem.swift */,
				B003325F2A41385500BD0AAB /* MapGenerator.swift */,
				B00332A62A44270E00BD0AAB /* MazeGenerator.swift */,
				B003328D2A43F76B00BD0AAB /* GameState.swift */,
			);
			path = Models;
			sourceTree = "<group>";
		};
		B00332612A414A7800BD0AAB /* Factory */ = {
			isa = PBXGroup;
			children = (
				B00332622A414A8E00BD0AAB /* MapFactory.swift */,
			);
			path = Factory;
			sourceTree = "<group>";
		};
		B00332822A42D31100BD0AAB /* Particles */ = {
			isa = PBXGroup;
			children = (
				B00332922A43FD4900BD0AAB /* Fire.sks */,
				B00332932A43FD4900BD0AAB /* Assets.xcassets */,
			);
			path = Particles;
			sourceTree = "<group>";
		};
		B00332962A44016B00BD0AAB /* GameScene */ = {
			isa = PBXGroup;
			children = (
				B003323E2A3FEAC100BD0AAB /* GameSceneCoordinator.swift */,
				B003323C2A3FEAB300BD0AAB /* GameScene.swift */,
				B003327C2A42BA5900BD0AAB /* SceneContactExtension.swift */,
				B003325A2A40104300BD0AAB /* SceneLogicExtension.swift */,
			);
			path = GameScene;
			sourceTree = "<group>";
		};
		B003329F2A440F9300BD0AAB /* LabirinthScene */ = {
			isa = PBXGroup;
			children = (
				B00332A02A440FD800BD0AAB /* LabirinthScene.swift */,
				B00332A42A441D2B00BD0AAB /* LabirinthSceneCoordinator.swift */,
				B00332AC2A44412600BD0AAB /* LabirinthLogicEctension.swift */,
			);
			path = LabirinthScene;
			sourceTree = "<group>";
		};
		B0E6D63F2A3FE7AC00531D49 = {
			isa = PBXGroup;
			children = (
				B0E6D64A2A3FE7AC00531D49 /* FlyGame */,
				B0E6D6492A3FE7AC00531D49 /* Products */,
			);
			sourceTree = "<group>";
		};
		B0E6D6492A3FE7AC00531D49 /* Products */ = {
			isa = PBXGroup;
			children = (
				B0E6D6482A3FE7AC00531D49 /* FlyGame.app */,
			);
			name = Products;
			sourceTree = "<group>";
		};
		B0E6D64A2A3FE7AC00531D49 /* FlyGame */ = {
			isa = PBXGroup;
			children = (
				B00332472A3FEDC600BD0AAB /* Info.plist */,
				B0E6D64B2A3FE7AC00531D49 /* FlyGameApp.swift */,
				B0E6D64D2A3FE7AC00531D49 /* MainScreen.swift */,
				B003325E2A41384400BD0AAB /* Models */,
				B00332402A3FEACE00BD0AAB /* ViewModel */,
				B003323B2A3FEAA300BD0AAB /* Scene */,
				B00332502A3FFBA500BD0AAB /* Views */,
				B003324F2A3FFB7A00BD0AAB /* Services */,
				B0E6D64F2A3FE7AE00531D49 /* Assets.xcassets */,
				B00332432A3FEBB400BD0AAB /* Extra */,
				B0E6D6512A3FE7AE00531D49 /* Preview Content */,
			);
			path = FlyGame;
			sourceTree = "<group>";
		};
		B0E6D6512A3FE7AE00531D49 /* Preview Content */ = {
			isa = PBXGroup;
			children = (
				B0E6D6522A3FE7AE00531D49 /* Preview Assets.xcassets */,
			);
			path = "Preview Content";
			sourceTree = "<group>";
		};
/* End PBXGroup section */

/* Begin PBXNativeTarget section */
		B0E6D6472A3FE7AC00531D49 /* FlyGame */ = {
			isa = PBXNativeTarget;
			buildConfigurationList = B0E6D6562A3FE7AE00531D49 /* Build configuration list for PBXNativeTarget "FlyGame" */;
			buildPhases = (
				B0E6D6442A3FE7AC00531D49 /* Sources */,
				B0E6D6452A3FE7AC00531D49 /* Frameworks */,
				B0E6D6462A3FE7AC00531D49 /* Resources */,
			);
			buildRules = (
			);
			dependencies = (
			);
			name = FlyGame;
			productName = FlyGame;
			productReference = B0E6D6482A3FE7AC00531D49 /* FlyGame.app */;
			productType = "com.apple.product-type.application";
		};
/* End PBXNativeTarget section */

/* Begin PBXProject section */
		B0E6D6402A3FE7AC00531D49 /* Project object */ = {
			isa = PBXProject;
			attributes = {
				BuildIndependentTargetsInParallel = 1;
				LastSwiftUpdateCheck = 1420;
				LastUpgradeCheck = 1420;
				TargetAttributes = {
					B0E6D6472A3FE7AC00531D49 = {
						CreatedOnToolsVersion = 14.2;
					};
				};
			};
			buildConfigurationList = B0E6D6432A3FE7AC00531D49 /* Build configuration list for PBXProject "FlyGame" */;
			compatibilityVersion = "Xcode 14.0";
			developmentRegion = en;
			hasScannedForEncodings = 0;
			knownRegions = (
				en,
				Base,
			);
			mainGroup = B0E6D63F2A3FE7AC00531D49;
			productRefGroup = B0E6D6492A3FE7AC00531D49 /* Products */;
			projectDirPath = "";
			projectRoot = "";
			targets = (
				B0E6D6472A3FE7AC00531D49 /* FlyGame */,
			);
		};
/* End PBXProject section */

/* Begin PBXResourcesBuildPhase section */
		B0E6D6462A3FE7AC00531D49 /* Resources */ = {
			isa = PBXResourcesBuildPhase;
			buildActionMask = 2147483647;
			files = (
				B00332942A43FD4900BD0AAB /* Fire.sks in Resources */,
				B0E6D6532A3FE7AE00531D49 /* Preview Assets.xcassets in Resources */,
				B00332952A43FD4900BD0AAB /* Assets.xcassets in Resources */,
				B0E6D6502A3FE7AE00531D49 /* Assets.xcassets in Resources */,
			);
			runOnlyForDeploymentPostprocessing = 0;
		};
/* End PBXResourcesBuildPhase section */

/* Begin PBXSourcesBuildPhase section */
		B0E6D6442A3FE7AC00531D49 /* Sources */ = {
			isa = PBXSourcesBuildPhase;
			buildActionMask = 2147483647;
			files = (
				B00332AD2A44412600BD0AAB /* LabirinthLogicEctension.swift in Sources */,
				B00332592A400EED00BD0AAB /* MoverService.swift in Sources */,
				B003323F2A3FEAC100BD0AAB /* GameSceneCoordinator.swift in Sources */,
				B00332A12A440FD800BD0AAB /* LabirinthScene.swift in Sources */,
				B00332732A42A0D400BD0AAB /* BulletIcon.swift in Sources */,
				B00332712A42924B00BD0AAB /* CGSizeExtension.swift in Sources */,
				B003324A2A3FEEDD00BD0AAB /* ObstacleNode.swift in Sources */,
				B00332912A43F85E00BD0AAB /* AlertItem.swift in Sources */,
				B003329C2A44050D00BD0AAB /* ViewExtension.swift in Sources */,
				B003327B2A42A8C100BD0AAB /* BulletNode.swift in Sources */,
				B00332812A42BFBA00BD0AAB /* LabirinthNode.swift in Sources */,
				B003327D2A42BA5900BD0AAB /* SceneContactExtension.swift in Sources */,
				B00332A92A44327300BD0AAB /* WallNode.swift in Sources */,
				B00332632A414A8E00BD0AAB /* MapFactory.swift in Sources */,
				B003323D2A3FEAB300BD0AAB /* GameScene.swift in Sources */,
				B003327F2A42BB2000BD0AAB /* PhysicCategory.swift in Sources */,
				B00332652A415A5C00BD0AAB /* BoundryNode.swift in Sources */,
				B003325B2A40104300BD0AAB /* SceneLogicExtension.swift in Sources */,
				B00332792A42A75500BD0AAB /* ShootingService.swift in Sources */,
				B003326F2A428CDD00BD0AAB /* HelthBar.swift in Sources */,
				B00332A72A44270E00BD0AAB /* MazeGenerator.swift in Sources */,
				B0E6D64E2A3FE7AC00531D49 /* MainScreen.swift in Sources */,
				B00332422A3FEAE000BD0AAB /* GameVM.swift in Sources */,
				B003325D2A402A8100BD0AAB /* ShootButton.swift in Sources */,
				B00332672A41628600BD0AAB /* CGPointExtension.swift in Sources */,
				B00332692A416C7A00BD0AAB /* PointerNode.swift in Sources */,
				B003329E2A440AAC00BD0AAB /* GameView.swift in Sources */,
				B003326B2A417DD000BD0AAB /* CameraExtension.swift in Sources */,
				B00332602A41385500BD0AAB /* MapGenerator.swift in Sources */,
				B00332752A42A0F800BD0AAB /* StarsIcon.swift in Sources */,
				B00332772A42A73D00BD0AAB /* GameLogic.swift in Sources */,
				B003324E2A3FF4F300BD0AAB /* StarNode.swift in Sources */,
				B00332AB2A4432B500BD0AAB /* TrophyNode.swift in Sources */,
				B00332462A3FEC0100BD0AAB /* GameVMExtension.swift in Sources */,
				B003324C2A3FF4D800BD0AAB /* PlayerNode.swift in Sources */,
				B003328E2A43F76B00BD0AAB /* GameState.swift in Sources */,
				B003329A2A44040600BD0AAB /* AlertView.swift in Sources */,
				B0E6D64C2A3FE7AC00531D49 /* FlyGameApp.swift in Sources */,
				B00332522A3FFBC900BD0AAB /* Thumbstick.swift in Sources */,
				B00332A32A44179C00BD0AAB /* ScenePauseService.swift in Sources */,
				B00332A52A441D2B00BD0AAB /* LabirinthSceneCoordinator.swift in Sources */,
			);
			runOnlyForDeploymentPostprocessing = 0;
		};
/* End PBXSourcesBuildPhase section */

/* Begin XCBuildConfiguration section */
		B0E6D6542A3FE7AE00531D49 /* Debug */ = {
			isa = XCBuildConfiguration;
			buildSettings = {
				ALWAYS_SEARCH_USER_PATHS = NO;
				CLANG_ANALYZER_NONNULL = YES;
				CLANG_ANALYZER_NUMBER_OBJECT_CONVERSION = YES_AGGRESSIVE;
				CLANG_CXX_LANGUAGE_STANDARD = "gnu++20";
				CLANG_ENABLE_MODULES = YES;
				CLANG_ENABLE_OBJC_ARC = YES;
				CLANG_ENABLE_OBJC_WEAK = YES;
				CLANG_WARN_BLOCK_CAPTURE_AUTORELEASING = YES;
				CLANG_WARN_BOOL_CONVERSION = YES;
				CLANG_WARN_COMMA = YES;
				CLANG_WARN_CONSTANT_CONVERSION = YES;
				CLANG_WARN_DEPRECATED_OBJC_IMPLEMENTATIONS = YES;
				CLANG_WARN_DIRECT_OBJC_ISA_USAGE = YES_ERROR;
				CLANG_WARN_DOCUMENTATION_COMMENTS = YES;
				CLANG_WARN_EMPTY_BODY = YES;
				CLANG_WARN_ENUM_CONVERSION = YES;
				CLANG_WARN_INFINITE_RECURSION = YES;
				CLANG_WARN_INT_CONVERSION = YES;
				CLANG_WARN_NON_LITERAL_NULL_CONVERSION = YES;
				CLANG_WARN_OBJC_IMPLICIT_RETAIN_SELF = YES;
				CLANG_WARN_OBJC_LITERAL_CONVERSION = YES;
				CLANG_WARN_OBJC_ROOT_CLASS = YES_ERROR;
				CLANG_WARN_QUOTED_INCLUDE_IN_FRAMEWORK_HEADER = YES;
				CLANG_WARN_RANGE_LOOP_ANALYSIS = YES;
				CLANG_WARN_STRICT_PROTOTYPES = YES;
				CLANG_WARN_SUSPICIOUS_MOVE = YES;
				CLANG_WARN_UNGUARDED_AVAILABILITY = YES_AGGRESSIVE;
				CLANG_WARN_UNREACHABLE_CODE = YES;
				CLANG_WARN__DUPLICATE_METHOD_MATCH = YES;
				COPY_PHASE_STRIP = NO;
				DEBUG_INFORMATION_FORMAT = dwarf;
				ENABLE_STRICT_OBJC_MSGSEND = YES;
				ENABLE_TESTABILITY = YES;
				GCC_C_LANGUAGE_STANDARD = gnu11;
				GCC_DYNAMIC_NO_PIC = NO;
				GCC_NO_COMMON_BLOCKS = YES;
				GCC_OPTIMIZATION_LEVEL = 0;
				GCC_PREPROCESSOR_DEFINITIONS = (
					"DEBUG=1",
					"$(inherited)",
				);
				GCC_WARN_64_TO_32_BIT_CONVERSION = YES;
				GCC_WARN_ABOUT_RETURN_TYPE = YES_ERROR;
				GCC_WARN_UNDECLARED_SELECTOR = YES;
				GCC_WARN_UNINITIALIZED_AUTOS = YES_AGGRESSIVE;
				GCC_WARN_UNUSED_FUNCTION = YES;
				GCC_WARN_UNUSED_VARIABLE = YES;
				IPHONEOS_DEPLOYMENT_TARGET = 16.2;
				MTL_ENABLE_DEBUG_INFO = INCLUDE_SOURCE;
				MTL_FAST_MATH = YES;
				ONLY_ACTIVE_ARCH = YES;
				SDKROOT = iphoneos;
				SWIFT_ACTIVE_COMPILATION_CONDITIONS = DEBUG;
				SWIFT_OPTIMIZATION_LEVEL = "-Onone";
			};
			name = Debug;
		};
		B0E6D6552A3FE7AE00531D49 /* Release */ = {
			isa = XCBuildConfiguration;
			buildSettings = {
				ALWAYS_SEARCH_USER_PATHS = NO;
				CLANG_ANALYZER_NONNULL = YES;
				CLANG_ANALYZER_NUMBER_OBJECT_CONVERSION = YES_AGGRESSIVE;
				CLANG_CXX_LANGUAGE_STANDARD = "gnu++20";
				CLANG_ENABLE_MODULES = YES;
				CLANG_ENABLE_OBJC_ARC = YES;
				CLANG_ENABLE_OBJC_WEAK = YES;
				CLANG_WARN_BLOCK_CAPTURE_AUTORELEASING = YES;
				CLANG_WARN_BOOL_CONVERSION = YES;
				CLANG_WARN_COMMA = YES;
				CLANG_WARN_CONSTANT_CONVERSION = YES;
				CLANG_WARN_DEPRECATED_OBJC_IMPLEMENTATIONS = YES;
				CLANG_WARN_DIRECT_OBJC_ISA_USAGE = YES_ERROR;
				CLANG_WARN_DOCUMENTATION_COMMENTS = YES;
				CLANG_WARN_EMPTY_BODY = YES;
				CLANG_WARN_ENUM_CONVERSION = YES;
				CLANG_WARN_INFINITE_RECURSION = YES;
				CLANG_WARN_INT_CONVERSION = YES;
				CLANG_WARN_NON_LITERAL_NULL_CONVERSION = YES;
				CLANG_WARN_OBJC_IMPLICIT_RETAIN_SELF = YES;
				CLANG_WARN_OBJC_LITERAL_CONVERSION = YES;
				CLANG_WARN_OBJC_ROOT_CLASS = YES_ERROR;
				CLANG_WARN_QUOTED_INCLUDE_IN_FRAMEWORK_HEADER = YES;
				CLANG_WARN_RANGE_LOOP_ANALYSIS = YES;
				CLANG_WARN_STRICT_PROTOTYPES = YES;
				CLANG_WARN_SUSPICIOUS_MOVE = YES;
				CLANG_WARN_UNGUARDED_AVAILABILITY = YES_AGGRESSIVE;
				CLANG_WARN_UNREACHABLE_CODE = YES;
				CLANG_WARN__DUPLICATE_METHOD_MATCH = YES;
				COPY_PHASE_STRIP = NO;
				DEBUG_INFORMATION_FORMAT = "dwarf-with-dsym";
				ENABLE_NS_ASSERTIONS = NO;
				ENABLE_STRICT_OBJC_MSGSEND = YES;
				GCC_C_LANGUAGE_STANDARD = gnu11;
				GCC_NO_COMMON_BLOCKS = YES;
				GCC_WARN_64_TO_32_BIT_CONVERSION = YES;
				GCC_WARN_ABOUT_RETURN_TYPE = YES_ERROR;
				GCC_WARN_UNDECLARED_SELECTOR = YES;
				GCC_WARN_UNINITIALIZED_AUTOS = YES_AGGRESSIVE;
				GCC_WARN_UNUSED_FUNCTION = YES;
				GCC_WARN_UNUSED_VARIABLE = YES;
				IPHONEOS_DEPLOYMENT_TARGET = 16.2;
				MTL_ENABLE_DEBUG_INFO = NO;
				MTL_FAST_MATH = YES;
				SDKROOT = iphoneos;
				SWIFT_COMPILATION_MODE = wholemodule;
				SWIFT_OPTIMIZATION_LEVEL = "-O";
				VALIDATE_PRODUCT = YES;
			};
			name = Release;
		};
		B0E6D6572A3FE7AE00531D49 /* Debug */ = {
			isa = XCBuildConfiguration;
			buildSettings = {
				ASSETCATALOG_COMPILER_APPICON_NAME = AppIcon;
				ASSETCATALOG_COMPILER_GLOBAL_ACCENT_COLOR_NAME = AccentColor;
				CODE_SIGN_STYLE = Automatic;
				CURRENT_PROJECT_VERSION = 1;
				DEVELOPMENT_ASSET_PATHS = "\"FlyGame/Preview Content\"";
				DEVELOPMENT_TEAM = K76VZ7SA7Z;
				ENABLE_PREVIEWS = YES;
				GENERATE_INFOPLIST_FILE = YES;
				INFOPLIST_FILE = FlyGame/Info.plist;
				INFOPLIST_KEY_UIApplicationSupportsIndirectInputEvents = YES;
				INFOPLIST_KEY_UILaunchScreen_Generation = YES;
				INFOPLIST_KEY_UISupportedInterfaceOrientations = "UIInterfaceOrientationLandscapeLeft UIInterfaceOrientationLandscapeRight";
				INFOPLIST_KEY_UISupportedInterfaceOrientations_iPad = "UIInterfaceOrientationLandscapeLeft UIInterfaceOrientationLandscapeRight UIInterfaceOrientationPortrait UIInterfaceOrientationPortraitUpsideDown";
				INFOPLIST_KEY_UIUserInterfaceStyle = Light;
				IPHONEOS_DEPLOYMENT_TARGET = 14.0;
				LD_RUNPATH_SEARCH_PATHS = (
					"$(inherited)",
					"@executable_path/Frameworks",
				);
				MARKETING_VERSION = 1.0;
				PRODUCT_BUNDLE_IDENTIFIER = AlexHor.FlyGame;
				PRODUCT_NAME = "$(TARGET_NAME)";
				SUPPORTED_PLATFORMS = "iphoneos iphonesimulator";
				SUPPORTS_MACCATALYST = NO;
				SUPPORTS_MAC_DESIGNED_FOR_IPHONE_IPAD = NO;
				SWIFT_EMIT_LOC_STRINGS = YES;
				SWIFT_VERSION = 5.0;
				TARGETED_DEVICE_FAMILY = 1;
			};
			name = Debug;
		};
		B0E6D6582A3FE7AE00531D49 /* Release */ = {
			isa = XCBuildConfiguration;
			buildSettings = {
				ASSETCATALOG_COMPILER_APPICON_NAME = AppIcon;
				ASSETCATALOG_COMPILER_GLOBAL_ACCENT_COLOR_NAME = AccentColor;
				CODE_SIGN_STYLE = Automatic;
				CURRENT_PROJECT_VERSION = 1;
				DEVELOPMENT_ASSET_PATHS = "\"FlyGame/Preview Content\"";
				DEVELOPMENT_TEAM = K76VZ7SA7Z;
				ENABLE_PREVIEWS = YES;
				GENERATE_INFOPLIST_FILE = YES;
				INFOPLIST_FILE = FlyGame/Info.plist;
				INFOPLIST_KEY_UIApplicationSupportsIndirectInputEvents = YES;
				INFOPLIST_KEY_UILaunchScreen_Generation = YES;
				INFOPLIST_KEY_UISupportedInterfaceOrientations = "UIInterfaceOrientationLandscapeLeft UIInterfaceOrientationLandscapeRight";
				INFOPLIST_KEY_UISupportedInterfaceOrientations_iPad = "UIInterfaceOrientationLandscapeLeft UIInterfaceOrientationLandscapeRight UIInterfaceOrientationPortrait UIInterfaceOrientationPortraitUpsideDown";
				INFOPLIST_KEY_UIUserInterfaceStyle = Light;
				IPHONEOS_DEPLOYMENT_TARGET = 14.0;
				LD_RUNPATH_SEARCH_PATHS = (
					"$(inherited)",
					"@executable_path/Frameworks",
				);
				MARKETING_VERSION = 1.0;
				PRODUCT_BUNDLE_IDENTIFIER = AlexHor.FlyGame;
				PRODUCT_NAME = "$(TARGET_NAME)";
				SUPPORTED_PLATFORMS = "iphoneos iphonesimulator";
				SUPPORTS_MACCATALYST = NO;
				SUPPORTS_MAC_DESIGNED_FOR_IPHONE_IPAD = NO;
				SWIFT_EMIT_LOC_STRINGS = YES;
				SWIFT_VERSION = 5.0;
				TARGETED_DEVICE_FAMILY = 1;
			};
			name = Release;
		};
/* End XCBuildConfiguration section */

/* Begin XCConfigurationList section */
		B0E6D6432A3FE7AC00531D49 /* Build configuration list for PBXProject "FlyGame" */ = {
			isa = XCConfigurationList;
			buildConfigurations = (
				B0E6D6542A3FE7AE00531D49 /* Debug */,
				B0E6D6552A3FE7AE00531D49 /* Release */,
			);
			defaultConfigurationIsVisible = 0;
			defaultConfigurationName = Release;
		};
		B0E6D6562A3FE7AE00531D49 /* Build configuration list for PBXNativeTarget "FlyGame" */ = {
			isa = XCConfigurationList;
			buildConfigurations = (
				B0E6D6572A3FE7AE00531D49 /* Debug */,
				B0E6D6582A3FE7AE00531D49 /* Release */,
			);
			defaultConfigurationIsVisible = 0;
			defaultConfigurationName = Release;
		};
/* End XCConfigurationList section */
	};
	rootObject = B0E6D6402A3FE7AC00531D49 /* Project object */;
}
